// !$*UTF8*$!
{
	archiveVersion = 1;
	classes = {
	};
	objectVersion = 56;
	objects = {

/* Begin PBXBuildFile section */
		BC7E024429B658CB0002E642 /* RecipeFeatureView.swift in Sources */ = {isa = PBXBuildFile; fileRef = BC7E024329B658CB0002E642 /* RecipeFeatureView.swift */; };
		BCBEE44529A7D719001F70DA /* RecipeListApp.swift in Sources */ = {isa = PBXBuildFile; fileRef = BCBEE44429A7D719001F70DA /* RecipeListApp.swift */; };
		BCBEE44729A7D719001F70DA /* RecipeListView.swift in Sources */ = {isa = PBXBuildFile; fileRef = BCBEE44629A7D719001F70DA /* RecipeListView.swift */; };
		BCBEE44929A7D71A001F70DA /* Assets.xcassets in Resources */ = {isa = PBXBuildFile; fileRef = BCBEE44829A7D71A001F70DA /* Assets.xcassets */; };
		BCBEE44C29A7D71A001F70DA /* Preview Assets.xcassets in Resources */ = {isa = PBXBuildFile; fileRef = BCBEE44B29A7D71A001F70DA /* Preview Assets.xcassets */; };
		BCBEE45A29A7D8D5001F70DA /* Recipe.swift in Sources */ = {isa = PBXBuildFile; fileRef = BCBEE45929A7D8D5001F70DA /* Recipe.swift */; };
		BCBEE45C29A7D987001F70DA /* RecipeModel.swift in Sources */ = {isa = PBXBuildFile; fileRef = BCBEE45B29A7D987001F70DA /* RecipeModel.swift */; };
		BCBEE45E29A7DA6A001F70DA /* DataService.swift in Sources */ = {isa = PBXBuildFile; fileRef = BCBEE45D29A7DA6A001F70DA /* DataService.swift */; };
		BCBEE46229A7E004001F70DA /* recipes.json in Resources */ = {isa = PBXBuildFile; fileRef = BCBEE46129A7E004001F70DA /* recipes.json */; };
		BCC2678929A7E5F700FDDAF5 /* RecipeDetailView.swift in Sources */ = {isa = PBXBuildFile; fileRef = BCC2678829A7E5F700FDDAF5 /* RecipeDetailView.swift */; };
		BCC267AB29B11B6300FDDAF5 /* RecipeTabView.swift in Sources */ = {isa = PBXBuildFile; fileRef = BCC267AA29B11B6300FDDAF5 /* RecipeTabView.swift */; };
		BCC267AD29B1265700FDDAF5 /* Ingredient.swift in Sources */ = {isa = PBXBuildFile; fileRef = BCC267AC29B1265700FDDAF5 /* Ingredient.swift */; };
/* End PBXBuildFile section */

/* Begin PBXFileReference section */
		BC7E024329B658CB0002E642 /* RecipeFeatureView.swift */ = {isa = PBXFileReference; lastKnownFileType = sourcecode.swift; path = RecipeFeatureView.swift; sourceTree = "<group>"; };
		BCBEE44129A7D719001F70DA /* RecipeListApp.app */ = {isa = PBXFileReference; explicitFileType = wrapper.application; includeInIndex = 0; path = RecipeListApp.app; sourceTree = BUILT_PRODUCTS_DIR; };
		BCBEE44429A7D719001F70DA /* RecipeListApp.swift */ = {isa = PBXFileReference; lastKnownFileType = sourcecode.swift; path = RecipeListApp.swift; sourceTree = "<group>"; };
		BCBEE44629A7D719001F70DA /* RecipeListView.swift */ = {isa = PBXFileReference; lastKnownFileType = sourcecode.swift; path = RecipeListView.swift; sourceTree = "<group>"; };
		BCBEE44829A7D71A001F70DA /* Assets.xcassets */ = {isa = PBXFileReference; lastKnownFileType = folder.assetcatalog; path = Assets.xcassets; sourceTree = "<group>"; };
		BCBEE44B29A7D71A001F70DA /* Preview Assets.xcassets */ = {isa = PBXFileReference; lastKnownFileType = folder.assetcatalog; path = "Preview Assets.xcassets"; sourceTree = "<group>"; };
		BCBEE45929A7D8D5001F70DA /* Recipe.swift */ = {isa = PBXFileReference; lastKnownFileType = sourcecode.swift; path = Recipe.swift; sourceTree = "<group>"; };
		BCBEE45B29A7D987001F70DA /* RecipeModel.swift */ = {isa = PBXFileReference; lastKnownFileType = sourcecode.swift; path = RecipeModel.swift; sourceTree = "<group>"; };
		BCBEE45D29A7DA6A001F70DA /* DataService.swift */ = {isa = PBXFileReference; lastKnownFileType = sourcecode.swift; path = DataService.swift; sourceTree = "<group>"; };
		BCBEE46129A7E004001F70DA /* recipes.json */ = {isa = PBXFileReference; fileEncoding = 4; lastKnownFileType = text.json; path = recipes.json; sourceTree = "<group>"; };
		BCC2678829A7E5F700FDDAF5 /* RecipeDetailView.swift */ = {isa = PBXFileReference; lastKnownFileType = sourcecode.swift; path = RecipeDetailView.swift; sourceTree = "<group>"; };
		BCC267AA29B11B6300FDDAF5 /* RecipeTabView.swift */ = {isa = PBXFileReference; lastKnownFileType = sourcecode.swift; path = RecipeTabView.swift; sourceTree = "<group>"; };
		BCC267AC29B1265700FDDAF5 /* Ingredient.swift */ = {isa = PBXFileReference; lastKnownFileType = sourcecode.swift; path = Ingredient.swift; sourceTree = "<group>"; };
/* End PBXFileReference section */

/* Begin PBXFrameworksBuildPhase section */
		BCBEE43E29A7D719001F70DA /* Frameworks */ = {
			isa = PBXFrameworksBuildPhase;
			buildActionMask = 2147483647;
			files = (
			);
			runOnlyForDeploymentPostprocessing = 0;
		};
/* End PBXFrameworksBuildPhase section */

/* Begin PBXGroup section */
		BCBEE43829A7D719001F70DA = {
			isa = PBXGroup;
			children = (
				BCBEE44329A7D719001F70DA /* RecipeListApp */,
				BCBEE44229A7D719001F70DA /* Products */,
			);
			sourceTree = "<group>";
		};
		BCBEE44229A7D719001F70DA /* Products */ = {
			isa = PBXGroup;
			children = (
				BCBEE44129A7D719001F70DA /* RecipeListApp.app */,
			);
			name = Products;
			sourceTree = "<group>";
		};
		BCBEE44329A7D719001F70DA /* RecipeListApp */ = {
			isa = PBXGroup;
			children = (
				BCBEE45629A7D73D001F70DA /* Services */,
				BCBEE45529A7D737001F70DA /* Data */,
				BCBEE45429A7D731001F70DA /* ViewModels */,
				BCBEE45329A7D729001F70DA /* Models */,
				BCBEE45229A7D723001F70DA /* Views */,
				BCBEE44429A7D719001F70DA /* RecipeListApp.swift */,
				BCBEE44829A7D71A001F70DA /* Assets.xcassets */,
				BCBEE44A29A7D71A001F70DA /* Preview Content */,
			);
			path = RecipeListApp;
			sourceTree = "<group>";
		};
		BCBEE44A29A7D71A001F70DA /* Preview Content */ = {
			isa = PBXGroup;
			children = (
				BCBEE44B29A7D71A001F70DA /* Preview Assets.xcassets */,
			);
			path = "Preview Content";
			sourceTree = "<group>";
		};
		BCBEE45229A7D723001F70DA /* Views */ = {
			isa = PBXGroup;
			children = (
				BCBEE44629A7D719001F70DA /* RecipeListView.swift */,
				BCC2678829A7E5F700FDDAF5 /* RecipeDetailView.swift */,
				BCC267AA29B11B6300FDDAF5 /* RecipeTabView.swift */,
				BC7E024329B658CB0002E642 /* RecipeFeatureView.swift */,
			);
			path = Views;
			sourceTree = "<group>";
		};
		BCBEE45329A7D729001F70DA /* Models */ = {
			isa = PBXGroup;
			children = (
				BCBEE45929A7D8D5001F70DA /* Recipe.swift */,
				BCC267AC29B1265700FDDAF5 /* Ingredient.swift */,
			);
			path = Models;
			sourceTree = "<group>";
		};
		BCBEE45429A7D731001F70DA /* ViewModels */ = {
			isa = PBXGroup;
			children = (
				BCBEE45B29A7D987001F70DA /* RecipeModel.swift */,
			);
			path = ViewModels;
			sourceTree = "<group>";
		};
		BCBEE45529A7D737001F70DA /* Data */ = {
			isa = PBXGroup;
			children = (
				BCBEE46129A7E004001F70DA /* recipes.json */,
			);
			path = Data;
			sourceTree = "<group>";
		};
		BCBEE45629A7D73D001F70DA /* Services */ = {
			isa = PBXGroup;
			children = (
				BCBEE45D29A7DA6A001F70DA /* DataService.swift */,
			);
			path = Services;
			sourceTree = "<group>";
		};
/* End PBXGroup section */

/* Begin PBXNativeTarget section */
		BCBEE44029A7D719001F70DA /* RecipeListApp */ = {
			isa = PBXNativeTarget;
			buildConfigurationList = BCBEE44F29A7D71A001F70DA /* Build configuration list for PBXNativeTarget "RecipeListApp" */;
			buildPhases = (
				BCBEE43D29A7D719001F70DA /* Sources */,
				BCBEE43E29A7D719001F70DA /* Frameworks */,
				BCBEE43F29A7D719001F70DA /* Resources */,
			);
			buildRules = (
			);
			dependencies = (
			);
			name = RecipeListApp;
			productName = RecipeListApp;
			productReference = BCBEE44129A7D719001F70DA /* RecipeListApp.app */;
			productType = "com.apple.product-type.application";
		};
/* End PBXNativeTarget section */

/* Begin PBXProject section */
		BCBEE43929A7D719001F70DA /* Project object */ = {
			isa = PBXProject;
			attributes = {
				BuildIndependentTargetsInParallel = 1;
				LastSwiftUpdateCheck = 1420;
				LastUpgradeCheck = 1420;
				TargetAttributes = {
					BCBEE44029A7D719001F70DA = {
						CreatedOnToolsVersion = 14.2;
					};
				};
			};
			buildConfigurationList = BCBEE43C29A7D719001F70DA /* Build configuration list for PBXProject "RecipeListApp" */;
			compatibilityVersion = "Xcode 14.0";
			developmentRegion = en;
			hasScannedForEncodings = 0;
			knownRegions = (
				en,
				Base,
			);
			mainGroup = BCBEE43829A7D719001F70DA;
			productRefGroup = BCBEE44229A7D719001F70DA /* Products */;
			projectDirPath = "";
			projectRoot = "";
			targets = (
				BCBEE44029A7D719001F70DA /* RecipeListApp */,
			);
		};
/* End PBXProject section */

/* Begin PBXResourcesBuildPhase section */
		BCBEE43F29A7D719001F70DA /* Resources */ = {
			isa = PBXResourcesBuildPhase;
			buildActionMask = 2147483647;
			files = (
				BCBEE44C29A7D71A001F70DA /* Preview Assets.xcassets in Resources */,
				BCBEE46229A7E004001F70DA /* recipes.json in Resources */,
				BCBEE44929A7D71A001F70DA /* Assets.xcassets in Resources */,
			);
			runOnlyForDeploymentPostprocessing = 0;
		};
/* End PBXResourcesBuildPhase section */

/* Begin PBXSourcesBuildPhase section */
		BCBEE43D29A7D719001F70DA /* Sources */ = {
			isa = PBXSourcesBuildPhase;
			buildActionMask = 2147483647;
			files = (
				BCBEE44729A7D719001F70DA /* RecipeListView.swift in Sources */,
				BC7E024429B658CB0002E642 /* RecipeFeatureView.swift in Sources */,
				BCC2678929A7E5F700FDDAF5 /* RecipeDetailView.swift in Sources */,
				BCBEE45C29A7D987001F70DA /* RecipeModel.swift in Sources */,
				BCBEE45A29A7D8D5001F70DA /* Recipe.swift in Sources */,
				BCC267AD29B1265700FDDAF5 /* Ingredient.swift in Sources */,
				BCBEE44529A7D719001F70DA /* RecipeListApp.swift in Sources */,
				BCBEE45E29A7DA6A001F70DA /* DataService.swift in Sources */,
				BCC267AB29B11B6300FDDAF5 /* RecipeTabView.swift in Sources */,
			);
			runOnlyForDeploymentPostprocessing = 0;
		};
/* End PBXSourcesBuildPhase section */

/* Begin XCBuildConfiguration section */
		BCBEE44D29A7D71A001F70DA /* Debug */ = {
			isa = XCBuildConfiguration;
			buildSettings = {
				ALWAYS_SEARCH_USER_PATHS = NO;
				CLANG_ANALYZER_NONNULL = YES;
				CLANG_ANALYZER_NUMBER_OBJECT_CONVERSION = YES_AGGRESSIVE;
				CLANG_CXX_LANGUAGE_STANDARD = "gnu++20";
				CLANG_ENABLE_MODULES = YES;
				CLANG_ENABLE_OBJC_ARC = YES;
				CLANG_ENABLE_OBJC_WEAK = YES;
				CLANG_WARN_BLOCK_CAPTURE_AUTORELEASING = YES;
				CLANG_WARN_BOOL_CONVERSION = YES;
				CLANG_WARN_COMMA = YES;
				CLANG_WARN_CONSTANT_CONVERSION = YES;
				CLANG_WARN_DEPRECATED_OBJC_IMPLEMENTATIONS = YES;
				CLANG_WARN_DIRECT_OBJC_ISA_USAGE = YES_ERROR;
				CLANG_WARN_DOCUMENTATION_COMMENTS = YES;
				CLANG_WARN_EMPTY_BODY = YES;
				CLANG_WARN_ENUM_CONVERSION = YES;
				CLANG_WARN_INFINITE_RECURSION = YES;
				CLANG_WARN_INT_CONVERSION = YES;
				CLANG_WARN_NON_LITERAL_NULL_CONVERSION = YES;
				CLANG_WARN_OBJC_IMPLICIT_RETAIN_SELF = YES;
				CLANG_WARN_OBJC_LITERAL_CONVERSION = YES;
				CLANG_WARN_OBJC_ROOT_CLASS = YES_ERROR;
				CLANG_WARN_QUOTED_INCLUDE_IN_FRAMEWORK_HEADER = YES;
				CLANG_WARN_RANGE_LOOP_ANALYSIS = YES;
				CLANG_WARN_STRICT_PROTOTYPES = YES;
				CLANG_WARN_SUSPICIOUS_MOVE = YES;
				CLANG_WARN_UNGUARDED_AVAILABILITY = YES_AGGRESSIVE;
				CLANG_WARN_UNREACHABLE_CODE = YES;
				CLANG_WARN__DUPLICATE_METHOD_MATCH = YES;
				COPY_PHASE_STRIP = NO;
				DEBUG_INFORMATION_FORMAT = dwarf;
				ENABLE_STRICT_OBJC_MSGSEND = YES;
				ENABLE_TESTABILITY = YES;
				GCC_C_LANGUAGE_STANDARD = gnu11;
				GCC_DYNAMIC_NO_PIC = NO;
				GCC_NO_COMMON_BLOCKS = YES;
				GCC_OPTIMIZATION_LEVEL = 0;
				GCC_PREPROCESSOR_DEFINITIONS = (
					"DEBUG=1",
					"$(inherited)",
				);
				GCC_WARN_64_TO_32_BIT_CONVERSION = YES;
				GCC_WARN_ABOUT_RETURN_TYPE = YES_ERROR;
				GCC_WARN_UNDECLARED_SELECTOR = YES;
				GCC_WARN_UNINITIALIZED_AUTOS = YES_AGGRESSIVE;
				GCC_WARN_UNUSED_FUNCTION = YES;
				GCC_WARN_UNUSED_VARIABLE = YES;
				IPHONEOS_DEPLOYMENT_TARGET = 16.2;
				MTL_ENABLE_DEBUG_INFO = INCLUDE_SOURCE;
				MTL_FAST_MATH = YES;
				ONLY_ACTIVE_ARCH = YES;
				SDKROOT = iphoneos;
				SWIFT_ACTIVE_COMPILATION_CONDITIONS = DEBUG;
				SWIFT_OPTIMIZATION_LEVEL = "-Onone";
			};
			name = Debug;
		};
		BCBEE44E29A7D71A001F70DA /* Release */ = {
			isa = XCBuildConfiguration;
			buildSettings = {
				ALWAYS_SEARCH_USER_PATHS = NO;
				CLANG_ANALYZER_NONNULL = YES;
				CLANG_ANALYZER_NUMBER_OBJECT_CONVERSION = YES_AGGRESSIVE;
				CLANG_CXX_LANGUAGE_STANDARD = "gnu++20";
				CLANG_ENABLE_MODULES = YES;
				CLANG_ENABLE_OBJC_ARC = YES;
				CLANG_ENABLE_OBJC_WEAK = YES;
				CLANG_WARN_BLOCK_CAPTURE_AUTORELEASING = YES;
				CLANG_WARN_BOOL_CONVERSION = YES;
				CLANG_WARN_COMMA = YES;
				CLANG_WARN_CONSTANT_CONVERSION = YES;
				CLANG_WARN_DEPRECATED_OBJC_IMPLEMENTATIONS = YES;
				CLANG_WARN_DIRECT_OBJC_ISA_USAGE = YES_ERROR;
				CLANG_WARN_DOCUMENTATION_COMMENTS = YES;
				CLANG_WARN_EMPTY_BODY = YES;
				CLANG_WARN_ENUM_CONVERSION = YES;
				CLANG_WARN_INFINITE_RECURSION = YES;
				CLANG_WARN_INT_CONVERSION = YES;
				CLANG_WARN_NON_LITERAL_NULL_CONVERSION = YES;
				CLANG_WARN_OBJC_IMPLICIT_RETAIN_SELF = YES;
				CLANG_WARN_OBJC_LITERAL_CONVERSION = YES;
				CLANG_WARN_OBJC_ROOT_CLASS = YES_ERROR;
				CLANG_WARN_QUOTED_INCLUDE_IN_FRAMEWORK_HEADER = YES;
				CLANG_WARN_RANGE_LOOP_ANALYSIS = YES;
				CLANG_WARN_STRICT_PROTOTYPES = YES;
				CLANG_WARN_SUSPICIOUS_MOVE = YES;
				CLANG_WARN_UNGUARDED_AVAILABILITY = YES_AGGRESSIVE;
				CLANG_WARN_UNREACHABLE_CODE = YES;
				CLANG_WARN__DUPLICATE_METHOD_MATCH = YES;
				COPY_PHASE_STRIP = NO;
				DEBUG_INFORMATION_FORMAT = "dwarf-with-dsym";
				ENABLE_NS_ASSERTIONS = NO;
				ENABLE_STRICT_OBJC_MSGSEND = YES;
				GCC_C_LANGUAGE_STANDARD = gnu11;
				GCC_NO_COMMON_BLOCKS = YES;
				GCC_WARN_64_TO_32_BIT_CONVERSION = YES;
				GCC_WARN_ABOUT_RETURN_TYPE = YES_ERROR;
				GCC_WARN_UNDECLARED_SELECTOR = YES;
				GCC_WARN_UNINITIALIZED_AUTOS = YES_AGGRESSIVE;
				GCC_WARN_UNUSED_FUNCTION = YES;
				GCC_WARN_UNUSED_VARIABLE = YES;
				IPHONEOS_DEPLOYMENT_TARGET = 16.2;
				MTL_ENABLE_DEBUG_INFO = NO;
				MTL_FAST_MATH = YES;
				SDKROOT = iphoneos;
				SWIFT_COMPILATION_MODE = wholemodule;
				SWIFT_OPTIMIZATION_LEVEL = "-O";
				VALIDATE_PRODUCT = YES;
			};
			name = Release;
		};
		BCBEE45029A7D71A001F70DA /* Debug */ = {
			isa = XCBuildConfiguration;
			buildSettings = {
				ASSETCATALOG_COMPILER_APPICON_NAME = AppIcon;
				ASSETCATALOG_COMPILER_GLOBAL_ACCENT_COLOR_NAME = AccentColor;
				CODE_SIGN_STYLE = Automatic;
				CURRENT_PROJECT_VERSION = 1;
				DEVELOPMENT_ASSET_PATHS = "\"RecipeListApp/Preview Content\"";
				ENABLE_PREVIEWS = YES;
				GENERATE_INFOPLIST_FILE = YES;
				INFOPLIST_KEY_UIApplicationSceneManifest_Generation = YES;
				INFOPLIST_KEY_UIApplicationSupportsIndirectInputEvents = YES;
				INFOPLIST_KEY_UILaunchScreen_Generation = YES;
				INFOPLIST_KEY_UISupportedInterfaceOrientations_iPad = "UIInterfaceOrientationPortrait UIInterfaceOrientationPortraitUpsideDown UIInterfaceOrientationLandscapeLeft UIInterfaceOrientationLandscapeRight";
				INFOPLIST_KEY_UISupportedInterfaceOrientations_iPhone = "UIInterfaceOrientationPortrait UIInterfaceOrientationLandscapeLeft UIInterfaceOrientationLandscapeRight";
				LD_RUNPATH_SEARCH_PATHS = (
					"$(inherited)",
					"@executable_path/Frameworks",
				);
				MARKETING_VERSION = 1.0;
				PRODUCT_BUNDLE_IDENTIFIER = com.codeWithHyden.RecipeListApp;
				PRODUCT_NAME = "$(TARGET_NAME)";
				SWIFT_EMIT_LOC_STRINGS = YES;
				SWIFT_VERSION = 5.0;
				TARGETED_DEVICE_FAMILY = "1,2";
			};
			name = Debug;
		};
		BCBEE45129A7D71A001F70DA /* Release */ = {
			isa = XCBuildConfiguration;
			buildSettings = {
				ASSETCATALOG_COMPILER_APPICON_NAME = AppIcon;
				ASSETCATALOG_COMPILER_GLOBAL_ACCENT_COLOR_NAME = AccentColor;
				CODE_SIGN_STYLE = Automatic;
				CURRENT_PROJECT_VERSION = 1;
				DEVELOPMENT_ASSET_PATHS = "\"RecipeListApp/Preview Content\"";
				ENABLE_PREVIEWS = YES;
				GENERATE_INFOPLIST_FILE = YES;
				INFOPLIST_KEY_UIApplicationSceneManifest_Generation = YES;
				INFOPLIST_KEY_UIApplicationSupportsIndirectInputEvents = YES;
				INFOPLIST_KEY_UILaunchScreen_Generation = YES;
				INFOPLIST_KEY_UISupportedInterfaceOrientations_iPad = "UIInterfaceOrientationPortrait UIInterfaceOrientationPortraitUpsideDown UIInterfaceOrientationLandscapeLeft UIInterfaceOrientationLandscapeRight";
				INFOPLIST_KEY_UISupportedInterfaceOrientations_iPhone = "UIInterfaceOrientationPortrait UIInterfaceOrientationLandscapeLeft UIInterfaceOrientationLandscapeRight";
				LD_RUNPATH_SEARCH_PATHS = (
					"$(inherited)",
					"@executable_path/Frameworks",
				);
				MARKETING_VERSION = 1.0;
				PRODUCT_BUNDLE_IDENTIFIER = com.codeWithHyden.RecipeListApp;
				PRODUCT_NAME = "$(TARGET_NAME)";
				SWIFT_EMIT_LOC_STRINGS = YES;
				SWIFT_VERSION = 5.0;
				TARGETED_DEVICE_FAMILY = "1,2";
			};
			name = Release;
		};
/* End XCBuildConfiguration section */

/* Begin XCConfigurationList section */
		BCBEE43C29A7D719001F70DA /* Build configuration list for PBXProject "RecipeListApp" */ = {
			isa = XCConfigurationList;
			buildConfigurations = (
				BCBEE44D29A7D71A001F70DA /* Debug */,
				BCBEE44E29A7D71A001F70DA /* Release */,
			);
			defaultConfigurationIsVisible = 0;
			defaultConfigurationName = Release;
		};
		BCBEE44F29A7D71A001F70DA /* Build configuration list for PBXNativeTarget "RecipeListApp" */ = {
			isa = XCConfigurationList;
			buildConfigurations = (
				BCBEE45029A7D71A001F70DA /* Debug */,
				BCBEE45129A7D71A001F70DA /* Release */,
			);
			defaultConfigurationIsVisible = 0;
			defaultConfigurationName = Release;
		};
/* End XCConfigurationList section */
	};
	rootObject = BCBEE43929A7D719001F70DA /* Project object */;
}
